
Microsoft Visual Studio Solution File, Format Version 12.00
# Visual Studio Version 18
VisualStudioVersion = 18.3.11218.70 d18.3
MinimumVisualStudioVersion = 10.0.40219.1
Project("{FAE04EC0-301F-11D3-BF4B-00C04F79EFBC}") = "Kessoku.Serialization", "src\serialization\Kessoku.Serialization\Kessoku.Serialization.csproj", "{E8BA4C08-6780-4C98-8DE1-60E8D1405495}"
EndProject
Project("{2150E333-8FDC-42A3-9474-1A3956D46DE8}") = "serialization", "serialization", "{746F4A49-F743-448C-87E8-AF3E67BFED6C}"
EndProject
Project("{FAE04EC0-301F-11D3-BF4B-00C04F79EFBC}") = "Kessoku.Serialization.SourceGenerator", "src\serialization\Kessoku.Serialization.SourceGenerator\Kessoku.Serialization.SourceGenerator.csproj", "{203CC08D-3C17-4F6D-9D52-7C197D7DA166}"
EndProject
Global
	GlobalSection(SolutionConfigurationPlatforms) = preSolution
		Debug|Any CPU = Debug|Any CPU
		Release|Any CPU = Release|Any CPU
	EndGlobalSection
	GlobalSection(ProjectConfigurationPlatforms) = postSolution
		{E8BA4C08-6780-4C98-8DE1-60E8D1405495}.Debug|Any CPU.ActiveCfg = Debug|Any CPU
		{E8BA4C08-6780-4C98-8DE1-60E8D1405495}.Debug|Any CPU.Build.0 = Debug|Any CPU
		{E8BA4C08-6780-4C98-8DE1-60E8D1405495}.Release|Any CPU.ActiveCfg = Release|Any CPU
		{E8BA4C08-6780-4C98-8DE1-60E8D1405495}.Release|Any CPU.Build.0 = Release|Any CPU
		{203CC08D-3C17-4F6D-9D52-7C197D7DA166}.Debug|Any CPU.ActiveCfg = Debug|Any CPU
		{203CC08D-3C17-4F6D-9D52-7C197D7DA166}.Debug|Any CPU.Build.0 = Debug|Any CPU
		{203CC08D-3C17-4F6D-9D52-7C197D7DA166}.Release|Any CPU.ActiveCfg = Release|Any CPU
		{203CC08D-3C17-4F6D-9D52-7C197D7DA166}.Release|Any CPU.Build.0 = Release|Any CPU
	EndGlobalSection
	GlobalSection(SolutionProperties) = preSolution
		HideSolutionNode = FALSE
	EndGlobalSection
	GlobalSection(NestedProjects) = preSolution
		{E8BA4C08-6780-4C98-8DE1-60E8D1405495} = {746F4A49-F743-448C-87E8-AF3E67BFED6C}
		{203CC08D-3C17-4F6D-9D52-7C197D7DA166} = {746F4A49-F743-448C-87E8-AF3E67BFED6C}
	EndGlobalSection
	GlobalSection(ExtensibilityGlobals) = postSolution
		SolutionGuid = {EE844FA2-1B2E-453E-8231-F18EDC3ACCF5}
	EndGlobalSection
EndGlobal
